
Microsoft Visual Studio Solution File, Format Version 12.00
# Visual Studio Version 17
VisualStudioVersion = 17.4.33213.308
MinimumVisualStudioVersion = 10.0.40219.1
Project("{FAE04EC0-301F-11D3-BF4B-00C04F79EFBC}") = "lotto", "lotto\lotto.csproj", "{945EA744-7C2B-4D6B-B816-E6843B95A6CC}"
EndProject
Global
	GlobalSection(SolutionConfigurationPlatforms) = preSolution
		Debug|Any CPU = Debug|Any CPU
		Release|Any CPU = Release|Any CPU
	EndGlobalSection
	GlobalSection(ProjectConfigurationPlatforms) = postSolution
		{945EA744-7C2B-4D6B-B816-E6843B95A6CC}.Debug|Any CPU.ActiveCfg = Debug|Any CPU
		{945EA744-7C2B-4D6B-B816-E6843B95A6CC}.Debug|Any CPU.Build.0 = Debug|Any CPU
		{945EA744-7C2B-4D6B-B816-E6843B95A6CC}.Release|Any CPU.ActiveCfg = Release|Any CPU
		{945EA744-7C2B-4D6B-B816-E6843B95A6CC}.Release|Any CPU.Build.0 = Release|Any CPU
	EndGlobalSection
	GlobalSection(SolutionProperties) = preSolution
		HideSolutionNode = FALSE
	EndGlobalSection
	GlobalSection(ExtensibilityGlobals) = postSolution
		SolutionGuid = {E2A957BF-6409-4F91-9117-6A7AD4816C44}
	EndGlobalSection
EndGlobal
